// !$*UTF8*$!
{
	archiveVersion = 1;
	classes = {
	};
	objectVersion = 56;
	objects = {

/* Begin PBXBuildFile section */
		D6D4481129F4097D00314681 /* Maze4DApp.swift in Sources */ = {isa = PBXBuildFile; fileRef = D6D4481029F4097D00314681 /* Maze4DApp.swift */; };
		D6D4481329F4097D00314681 /* ContentView.swift in Sources */ = {isa = PBXBuildFile; fileRef = D6D4481229F4097D00314681 /* ContentView.swift */; };
		D6D4481529F4097F00314681 /* Assets.xcassets in Resources */ = {isa = PBXBuildFile; fileRef = D6D4481429F4097F00314681 /* Assets.xcassets */; };
		D6D4481929F4097F00314681 /* Preview Assets.xcassets in Resources */ = {isa = PBXBuildFile; fileRef = D6D4481829F4097F00314681 /* Preview Assets.xcassets */; };
		D6D4482329F4097F00314681 /* Maze4DTests.swift in Sources */ = {isa = PBXBuildFile; fileRef = D6D4482229F4097F00314681 /* Maze4DTests.swift */; };
		D6D4482D29F4097F00314681 /* Maze4DUITests.swift in Sources */ = {isa = PBXBuildFile; fileRef = D6D4482C29F4097F00314681 /* Maze4DUITests.swift */; };
		D6D4482F29F4097F00314681 /* Maze4DUITestsLaunchTests.swift in Sources */ = {isa = PBXBuildFile; fileRef = D6D4482E29F4097F00314681 /* Maze4DUITestsLaunchTests.swift */; };
		D6D4483C29F4098E00314681 /* Vector4D.swift in Sources */ = {isa = PBXBuildFile; fileRef = D6D4483B29F4098E00314681 /* Vector4D.swift */; };
		D6D4483E29F40BF600314681 /* Maze4D.swift in Sources */ = {isa = PBXBuildFile; fileRef = D6D4483D29F40BF600314681 /* Maze4D.swift */; };
		D6D4484029F40F4600314681 /* Maze4DView.swift in Sources */ = {isa = PBXBuildFile; fileRef = D6D4483F29F40F4600314681 /* Maze4DView.swift */; };
		D6D4484229F411A400314681 /* DirectionInputView.swift in Sources */ = {isa = PBXBuildFile; fileRef = D6D4484129F411A400314681 /* DirectionInputView.swift */; };
		D6D4484429F413FD00314681 /* GameView.swift in Sources */ = {isa = PBXBuildFile; fileRef = D6D4484329F413FD00314681 /* GameView.swift */; };
/* End PBXBuildFile section */

/* Begin PBXContainerItemProxy section */
		D6D4481F29F4097F00314681 /* PBXContainerItemProxy */ = {
			isa = PBXContainerItemProxy;
			containerPortal = D6D4480529F4097D00314681 /* Project object */;
			proxyType = 1;
			remoteGlobalIDString = D6D4480C29F4097D00314681;
			remoteInfo = Maze4D;
		};
		D6D4482929F4097F00314681 /* PBXContainerItemProxy */ = {
			isa = PBXContainerItemProxy;
			containerPortal = D6D4480529F4097D00314681 /* Project object */;
			proxyType = 1;
			remoteGlobalIDString = D6D4480C29F4097D00314681;
			remoteInfo = Maze4D;
		};
/* End PBXContainerItemProxy section */

/* Begin PBXFileReference section */
		D6D4480D29F4097D00314681 /* Maze4D.app */ = {isa = PBXFileReference; explicitFileType = wrapper.application; includeInIndex = 0; path = Maze4D.app; sourceTree = BUILT_PRODUCTS_DIR; };
		D6D4481029F4097D00314681 /* Maze4DApp.swift */ = {isa = PBXFileReference; lastKnownFileType = sourcecode.swift; path = Maze4DApp.swift; sourceTree = "<group>"; };
		D6D4481229F4097D00314681 /* ContentView.swift */ = {isa = PBXFileReference; lastKnownFileType = sourcecode.swift; path = ContentView.swift; sourceTree = "<group>"; };
		D6D4481429F4097F00314681 /* Assets.xcassets */ = {isa = PBXFileReference; lastKnownFileType = folder.assetcatalog; path = Assets.xcassets; sourceTree = "<group>"; };
		D6D4481629F4097F00314681 /* Maze4D.entitlements */ = {isa = PBXFileReference; lastKnownFileType = text.plist.entitlements; path = Maze4D.entitlements; sourceTree = "<group>"; };
		D6D4481829F4097F00314681 /* Preview Assets.xcassets */ = {isa = PBXFileReference; lastKnownFileType = folder.assetcatalog; path = "Preview Assets.xcassets"; sourceTree = "<group>"; };
		D6D4481E29F4097F00314681 /* Maze4DTests.xctest */ = {isa = PBXFileReference; explicitFileType = wrapper.cfbundle; includeInIndex = 0; path = Maze4DTests.xctest; sourceTree = BUILT_PRODUCTS_DIR; };
		D6D4482229F4097F00314681 /* Maze4DTests.swift */ = {isa = PBXFileReference; lastKnownFileType = sourcecode.swift; path = Maze4DTests.swift; sourceTree = "<group>"; };
		D6D4482829F4097F00314681 /* Maze4DUITests.xctest */ = {isa = PBXFileReference; explicitFileType = wrapper.cfbundle; includeInIndex = 0; path = Maze4DUITests.xctest; sourceTree = BUILT_PRODUCTS_DIR; };
		D6D4482C29F4097F00314681 /* Maze4DUITests.swift */ = {isa = PBXFileReference; lastKnownFileType = sourcecode.swift; path = Maze4DUITests.swift; sourceTree = "<group>"; };
		D6D4482E29F4097F00314681 /* Maze4DUITestsLaunchTests.swift */ = {isa = PBXFileReference; lastKnownFileType = sourcecode.swift; path = Maze4DUITestsLaunchTests.swift; sourceTree = "<group>"; };
		D6D4483B29F4098E00314681 /* Vector4D.swift */ = {isa = PBXFileReference; lastKnownFileType = sourcecode.swift; path = Vector4D.swift; sourceTree = "<group>"; };
		D6D4483D29F40BF600314681 /* Maze4D.swift */ = {isa = PBXFileReference; lastKnownFileType = sourcecode.swift; path = Maze4D.swift; sourceTree = "<group>"; };
		D6D4483F29F40F4600314681 /* Maze4DView.swift */ = {isa = PBXFileReference; lastKnownFileType = sourcecode.swift; path = Maze4DView.swift; sourceTree = "<group>"; };
		D6D4484129F411A400314681 /* DirectionInputView.swift */ = {isa = PBXFileReference; lastKnownFileType = sourcecode.swift; path = DirectionInputView.swift; sourceTree = "<group>"; };
		D6D4484329F413FD00314681 /* GameView.swift */ = {isa = PBXFileReference; lastKnownFileType = sourcecode.swift; path = GameView.swift; sourceTree = "<group>"; };
/* End PBXFileReference section */

/* Begin PBXFrameworksBuildPhase section */
		D6D4480A29F4097D00314681 /* Frameworks */ = {
			isa = PBXFrameworksBuildPhase;
			buildActionMask = 2147483647;
			files = (
			);
			runOnlyForDeploymentPostprocessing = 0;
		};
		D6D4481B29F4097F00314681 /* Frameworks */ = {
			isa = PBXFrameworksBuildPhase;
			buildActionMask = 2147483647;
			files = (
			);
			runOnlyForDeploymentPostprocessing = 0;
		};
		D6D4482529F4097F00314681 /* Frameworks */ = {
			isa = PBXFrameworksBuildPhase;
			buildActionMask = 2147483647;
			files = (
			);
			runOnlyForDeploymentPostprocessing = 0;
		};
/* End PBXFrameworksBuildPhase section */

/* Begin PBXGroup section */
		D6D4480429F4097D00314681 = {
			isa = PBXGroup;
			children = (
				D6D4480F29F4097D00314681 /* Maze4D */,
				D6D4482129F4097F00314681 /* Maze4DTests */,
				D6D4482B29F4097F00314681 /* Maze4DUITests */,
				D6D4480E29F4097D00314681 /* Products */,
			);
			sourceTree = "<group>";
		};
		D6D4480E29F4097D00314681 /* Products */ = {
			isa = PBXGroup;
			children = (
				D6D4480D29F4097D00314681 /* Maze4D.app */,
				D6D4481E29F4097F00314681 /* Maze4DTests.xctest */,
				D6D4482829F4097F00314681 /* Maze4DUITests.xctest */,
			);
			name = Products;
			sourceTree = "<group>";
		};
		D6D4480F29F4097D00314681 /* Maze4D */ = {
			isa = PBXGroup;
			children = (
				D6D4481029F4097D00314681 /* Maze4DApp.swift */,
				D6D4481229F4097D00314681 /* ContentView.swift */,
				D6D4481429F4097F00314681 /* Assets.xcassets */,
				D6D4481629F4097F00314681 /* Maze4D.entitlements */,
				D6D4481729F4097F00314681 /* Preview Content */,
				D6D4483B29F4098E00314681 /* Vector4D.swift */,
				D6D4483D29F40BF600314681 /* Maze4D.swift */,
				D6D4483F29F40F4600314681 /* Maze4DView.swift */,
				D6D4484129F411A400314681 /* DirectionInputView.swift */,
				D6D4484329F413FD00314681 /* GameView.swift */,
			);
			path = Maze4D;
			sourceTree = "<group>";
		};
		D6D4481729F4097F00314681 /* Preview Content */ = {
			isa = PBXGroup;
			children = (
				D6D4481829F4097F00314681 /* Preview Assets.xcassets */,
			);
			path = "Preview Content";
			sourceTree = "<group>";
		};
		D6D4482129F4097F00314681 /* Maze4DTests */ = {
			isa = PBXGroup;
			children = (
				D6D4482229F4097F00314681 /* Maze4DTests.swift */,
			);
			path = Maze4DTests;
			sourceTree = "<group>";
		};
		D6D4482B29F4097F00314681 /* Maze4DUITests */ = {
			isa = PBXGroup;
			children = (
				D6D4482C29F4097F00314681 /* Maze4DUITests.swift */,
				D6D4482E29F4097F00314681 /* Maze4DUITestsLaunchTests.swift */,
			);
			path = Maze4DUITests;
			sourceTree = "<group>";
		};
/* End PBXGroup section */

/* Begin PBXNativeTarget section */
		D6D4480C29F4097D00314681 /* Maze4D */ = {
			isa = PBXNativeTarget;
			buildConfigurationList = D6D4483229F4097F00314681 /* Build configuration list for PBXNativeTarget "Maze4D" */;
			buildPhases = (
				D6D4480929F4097D00314681 /* Sources */,
				D6D4480A29F4097D00314681 /* Frameworks */,
				D6D4480B29F4097D00314681 /* Resources */,
			);
			buildRules = (
			);
			dependencies = (
			);
			name = Maze4D;
			productName = Maze4D;
			productReference = D6D4480D29F4097D00314681 /* Maze4D.app */;
			productType = "com.apple.product-type.application";
		};
		D6D4481D29F4097F00314681 /* Maze4DTests */ = {
			isa = PBXNativeTarget;
			buildConfigurationList = D6D4483529F4097F00314681 /* Build configuration list for PBXNativeTarget "Maze4DTests" */;
			buildPhases = (
				D6D4481A29F4097F00314681 /* Sources */,
				D6D4481B29F4097F00314681 /* Frameworks */,
				D6D4481C29F4097F00314681 /* Resources */,
			);
			buildRules = (
			);
			dependencies = (
				D6D4482029F4097F00314681 /* PBXTargetDependency */,
			);
			name = Maze4DTests;
			productName = Maze4DTests;
			productReference = D6D4481E29F4097F00314681 /* Maze4DTests.xctest */;
			productType = "com.apple.product-type.bundle.unit-test";
		};
		D6D4482729F4097F00314681 /* Maze4DUITests */ = {
			isa = PBXNativeTarget;
			buildConfigurationList = D6D4483829F4097F00314681 /* Build configuration list for PBXNativeTarget "Maze4DUITests" */;
			buildPhases = (
				D6D4482429F4097F00314681 /* Sources */,
				D6D4482529F4097F00314681 /* Frameworks */,
				D6D4482629F4097F00314681 /* Resources */,
			);
			buildRules = (
			);
			dependencies = (
				D6D4482A29F4097F00314681 /* PBXTargetDependency */,
			);
			name = Maze4DUITests;
			productName = Maze4DUITests;
			productReference = D6D4482829F4097F00314681 /* Maze4DUITests.xctest */;
			productType = "com.apple.product-type.bundle.ui-testing";
		};
/* End PBXNativeTarget section */

/* Begin PBXProject section */
		D6D4480529F4097D00314681 /* Project object */ = {
			isa = PBXProject;
			attributes = {
				BuildIndependentTargetsInParallel = 1;
				LastSwiftUpdateCheck = 1430;
				LastUpgradeCheck = 1430;
				TargetAttributes = {
					D6D4480C29F4097D00314681 = {
						CreatedOnToolsVersion = 14.3;
					};
					D6D4481D29F4097F00314681 = {
						CreatedOnToolsVersion = 14.3;
						TestTargetID = D6D4480C29F4097D00314681;
					};
					D6D4482729F4097F00314681 = {
						CreatedOnToolsVersion = 14.3;
						TestTargetID = D6D4480C29F4097D00314681;
					};
				};
			};
			buildConfigurationList = D6D4480829F4097D00314681 /* Build configuration list for PBXProject "Maze4D" */;
			compatibilityVersion = "Xcode 14.0";
			developmentRegion = en;
			hasScannedForEncodings = 0;
			knownRegions = (
				en,
				Base,
			);
			mainGroup = D6D4480429F4097D00314681;
			productRefGroup = D6D4480E29F4097D00314681 /* Products */;
			projectDirPath = "";
			projectRoot = "";
			targets = (
				D6D4480C29F4097D00314681 /* Maze4D */,
				D6D4481D29F4097F00314681 /* Maze4DTests */,
				D6D4482729F4097F00314681 /* Maze4DUITests */,
			);
		};
/* End PBXProject section */

/* Begin PBXResourcesBuildPhase section */
		D6D4480B29F4097D00314681 /* Resources */ = {
			isa = PBXResourcesBuildPhase;
			buildActionMask = 2147483647;
			files = (
				D6D4481929F4097F00314681 /* Preview Assets.xcassets in Resources */,
				D6D4481529F4097F00314681 /* Assets.xcassets in Resources */,
			);
			runOnlyForDeploymentPostprocessing = 0;
		};
		D6D4481C29F4097F00314681 /* Resources */ = {
			isa = PBXResourcesBuildPhase;
			buildActionMask = 2147483647;
			files = (
			);
			runOnlyForDeploymentPostprocessing = 0;
		};
		D6D4482629F4097F00314681 /* Resources */ = {
			isa = PBXResourcesBuildPhase;
			buildActionMask = 2147483647;
			files = (
			);
			runOnlyForDeploymentPostprocessing = 0;
		};
/* End PBXResourcesBuildPhase section */

/* Begin PBXSourcesBuildPhase section */
		D6D4480929F4097D00314681 /* Sources */ = {
			isa = PBXSourcesBuildPhase;
			buildActionMask = 2147483647;
			files = (
				D6D4483E29F40BF600314681 /* Maze4D.swift in Sources */,
				D6D4484229F411A400314681 /* DirectionInputView.swift in Sources */,
				D6D4484029F40F4600314681 /* Maze4DView.swift in Sources */,
				D6D4481329F4097D00314681 /* ContentView.swift in Sources */,
				D6D4481129F4097D00314681 /* Maze4DApp.swift in Sources */,
				D6D4483C29F4098E00314681 /* Vector4D.swift in Sources */,
				D6D4484429F413FD00314681 /* GameView.swift in Sources */,
			);
			runOnlyForDeploymentPostprocessing = 0;
		};
		D6D4481A29F4097F00314681 /* Sources */ = {
			isa = PBXSourcesBuildPhase;
			buildActionMask = 2147483647;
			files = (
				D6D4482329F4097F00314681 /* Maze4DTests.swift in Sources */,
			);
			runOnlyForDeploymentPostprocessing = 0;
		};
		D6D4482429F4097F00314681 /* Sources */ = {
			isa = PBXSourcesBuildPhase;
			buildActionMask = 2147483647;
			files = (
				D6D4482D29F4097F00314681 /* Maze4DUITests.swift in Sources */,
				D6D4482F29F4097F00314681 /* Maze4DUITestsLaunchTests.swift in Sources */,
			);
			runOnlyForDeploymentPostprocessing = 0;
		};
/* End PBXSourcesBuildPhase section */

/* Begin PBXTargetDependency section */
		D6D4482029F4097F00314681 /* PBXTargetDependency */ = {
			isa = PBXTargetDependency;
			target = D6D4480C29F4097D00314681 /* Maze4D */;
			targetProxy = D6D4481F29F4097F00314681 /* PBXContainerItemProxy */;
		};
		D6D4482A29F4097F00314681 /* PBXTargetDependency */ = {
			isa = PBXTargetDependency;
			target = D6D4480C29F4097D00314681 /* Maze4D */;
			targetProxy = D6D4482929F4097F00314681 /* PBXContainerItemProxy */;
		};
/* End PBXTargetDependency section */

/* Begin XCBuildConfiguration section */
		D6D4483029F4097F00314681 /* Debug */ = {
			isa = XCBuildConfiguration;
			buildSettings = {
				ALWAYS_SEARCH_USER_PATHS = NO;
				CLANG_ANALYZER_NONNULL = YES;
				CLANG_ANALYZER_NUMBER_OBJECT_CONVERSION = YES_AGGRESSIVE;
				CLANG_CXX_LANGUAGE_STANDARD = "gnu++20";
				CLANG_ENABLE_MODULES = YES;
				CLANG_ENABLE_OBJC_ARC = YES;
				CLANG_ENABLE_OBJC_WEAK = YES;
				CLANG_WARN_BLOCK_CAPTURE_AUTORELEASING = YES;
				CLANG_WARN_BOOL_CONVERSION = YES;
				CLANG_WARN_COMMA = YES;
				CLANG_WARN_CONSTANT_CONVERSION = YES;
				CLANG_WARN_DEPRECATED_OBJC_IMPLEMENTATIONS = YES;
				CLANG_WARN_DIRECT_OBJC_ISA_USAGE = YES_ERROR;
				CLANG_WARN_DOCUMENTATION_COMMENTS = YES;
				CLANG_WARN_EMPTY_BODY = YES;
				CLANG_WARN_ENUM_CONVERSION = YES;
				CLANG_WARN_INFINITE_RECURSION = YES;
				CLANG_WARN_INT_CONVERSION = YES;
				CLANG_WARN_NON_LITERAL_NULL_CONVERSION = YES;
				CLANG_WARN_OBJC_IMPLICIT_RETAIN_SELF = YES;
				CLANG_WARN_OBJC_LITERAL_CONVERSION = YES;
				CLANG_WARN_OBJC_ROOT_CLASS = YES_ERROR;
				CLANG_WARN_QUOTED_INCLUDE_IN_FRAMEWORK_HEADER = YES;
				CLANG_WARN_RANGE_LOOP_ANALYSIS = YES;
				CLANG_WARN_STRICT_PROTOTYPES = YES;
				CLANG_WARN_SUSPICIOUS_MOVE = YES;
				CLANG_WARN_UNGUARDED_AVAILABILITY = YES_AGGRESSIVE;
				CLANG_WARN_UNREACHABLE_CODE = YES;
				CLANG_WARN__DUPLICATE_METHOD_MATCH = YES;
				COPY_PHASE_STRIP = NO;
				DEBUG_INFORMATION_FORMAT = dwarf;
				ENABLE_STRICT_OBJC_MSGSEND = YES;
				ENABLE_TESTABILITY = YES;
				GCC_C_LANGUAGE_STANDARD = gnu11;
				GCC_DYNAMIC_NO_PIC = NO;
				GCC_NO_COMMON_BLOCKS = YES;
				GCC_OPTIMIZATION_LEVEL = 0;
				GCC_PREPROCESSOR_DEFINITIONS = (
					"DEBUG=1",
					"$(inherited)",
				);
				GCC_WARN_64_TO_32_BIT_CONVERSION = YES;
				GCC_WARN_ABOUT_RETURN_TYPE = YES_ERROR;
				GCC_WARN_UNDECLARED_SELECTOR = YES;
				GCC_WARN_UNINITIALIZED_AUTOS = YES_AGGRESSIVE;
				GCC_WARN_UNUSED_FUNCTION = YES;
				GCC_WARN_UNUSED_VARIABLE = YES;
				MTL_ENABLE_DEBUG_INFO = INCLUDE_SOURCE;
				MTL_FAST_MATH = YES;
				ONLY_ACTIVE_ARCH = YES;
				SWIFT_ACTIVE_COMPILATION_CONDITIONS = DEBUG;
				SWIFT_OPTIMIZATION_LEVEL = "-Onone";
			};
			name = Debug;
		};
		D6D4483129F4097F00314681 /* Release */ = {
			isa = XCBuildConfiguration;
			buildSettings = {
				ALWAYS_SEARCH_USER_PATHS = NO;
				CLANG_ANALYZER_NONNULL = YES;
				CLANG_ANALYZER_NUMBER_OBJECT_CONVERSION = YES_AGGRESSIVE;
				CLANG_CXX_LANGUAGE_STANDARD = "gnu++20";
				CLANG_ENABLE_MODULES = YES;
				CLANG_ENABLE_OBJC_ARC = YES;
				CLANG_ENABLE_OBJC_WEAK = YES;
				CLANG_WARN_BLOCK_CAPTURE_AUTORELEASING = YES;
				CLANG_WARN_BOOL_CONVERSION = YES;
				CLANG_WARN_COMMA = YES;
				CLANG_WARN_CONSTANT_CONVERSION = YES;
				CLANG_WARN_DEPRECATED_OBJC_IMPLEMENTATIONS = YES;
				CLANG_WARN_DIRECT_OBJC_ISA_USAGE = YES_ERROR;
				CLANG_WARN_DOCUMENTATION_COMMENTS = YES;
				CLANG_WARN_EMPTY_BODY = YES;
				CLANG_WARN_ENUM_CONVERSION = YES;
				CLANG_WARN_INFINITE_RECURSION = YES;
				CLANG_WARN_INT_CONVERSION = YES;
				CLANG_WARN_NON_LITERAL_NULL_CONVERSION = YES;
				CLANG_WARN_OBJC_IMPLICIT_RETAIN_SELF = YES;
				CLANG_WARN_OBJC_LITERAL_CONVERSION = YES;
				CLANG_WARN_OBJC_ROOT_CLASS = YES_ERROR;
				CLANG_WARN_QUOTED_INCLUDE_IN_FRAMEWORK_HEADER = YES;
				CLANG_WARN_RANGE_LOOP_ANALYSIS = YES;
				CLANG_WARN_STRICT_PROTOTYPES = YES;
				CLANG_WARN_SUSPICIOUS_MOVE = YES;
				CLANG_WARN_UNGUARDED_AVAILABILITY = YES_AGGRESSIVE;
				CLANG_WARN_UNREACHABLE_CODE = YES;
				CLANG_WARN__DUPLICATE_METHOD_MATCH = YES;
				COPY_PHASE_STRIP = NO;
				DEBUG_INFORMATION_FORMAT = "dwarf-with-dsym";
				ENABLE_NS_ASSERTIONS = NO;
				ENABLE_STRICT_OBJC_MSGSEND = YES;
				GCC_C_LANGUAGE_STANDARD = gnu11;
				GCC_NO_COMMON_BLOCKS = YES;
				GCC_WARN_64_TO_32_BIT_CONVERSION = YES;
				GCC_WARN_ABOUT_RETURN_TYPE = YES_ERROR;
				GCC_WARN_UNDECLARED_SELECTOR = YES;
				GCC_WARN_UNINITIALIZED_AUTOS = YES_AGGRESSIVE;
				GCC_WARN_UNUSED_FUNCTION = YES;
				GCC_WARN_UNUSED_VARIABLE = YES;
				MTL_ENABLE_DEBUG_INFO = NO;
				MTL_FAST_MATH = YES;
				SWIFT_COMPILATION_MODE = wholemodule;
				SWIFT_OPTIMIZATION_LEVEL = "-O";
			};
			name = Release;
		};
		D6D4483329F4097F00314681 /* Debug */ = {
			isa = XCBuildConfiguration;
			buildSettings = {
				ASSETCATALOG_COMPILER_APPICON_NAME = AppIcon;
				ASSETCATALOG_COMPILER_GLOBAL_ACCENT_COLOR_NAME = AccentColor;
				CODE_SIGN_ENTITLEMENTS = Maze4D/Maze4D.entitlements;
				CODE_SIGN_STYLE = Automatic;
				CURRENT_PROJECT_VERSION = 1;
				DEVELOPMENT_ASSET_PATHS = "\"Maze4D/Preview Content\"";
				ENABLE_PREVIEWS = YES;
				GENERATE_INFOPLIST_FILE = YES;
				"INFOPLIST_KEY_UIApplicationSceneManifest_Generation[sdk=iphoneos*]" = YES;
				"INFOPLIST_KEY_UIApplicationSceneManifest_Generation[sdk=iphonesimulator*]" = YES;
				"INFOPLIST_KEY_UIApplicationSupportsIndirectInputEvents[sdk=iphoneos*]" = YES;
				"INFOPLIST_KEY_UIApplicationSupportsIndirectInputEvents[sdk=iphonesimulator*]" = YES;
				"INFOPLIST_KEY_UILaunchScreen_Generation[sdk=iphoneos*]" = YES;
				"INFOPLIST_KEY_UILaunchScreen_Generation[sdk=iphonesimulator*]" = YES;
				"INFOPLIST_KEY_UIStatusBarStyle[sdk=iphoneos*]" = UIStatusBarStyleDefault;
				"INFOPLIST_KEY_UIStatusBarStyle[sdk=iphonesimulator*]" = UIStatusBarStyleDefault;
				INFOPLIST_KEY_UISupportedInterfaceOrientations_iPad = "UIInterfaceOrientationPortrait UIInterfaceOrientationPortraitUpsideDown UIInterfaceOrientationLandscapeLeft UIInterfaceOrientationLandscapeRight";
				INFOPLIST_KEY_UISupportedInterfaceOrientations_iPhone = "UIInterfaceOrientationPortrait UIInterfaceOrientationLandscapeLeft UIInterfaceOrientationLandscapeRight";
				IPHONEOS_DEPLOYMENT_TARGET = 16.4;
				LD_RUNPATH_SEARCH_PATHS = "@executable_path/Frameworks";
				"LD_RUNPATH_SEARCH_PATHS[sdk=macosx*]" = "@executable_path/../Frameworks";
				MACOSX_DEPLOYMENT_TARGET = 13.3;
				MARKETING_VERSION = 1.0;
				PRODUCT_BUNDLE_IDENTIFIER = org.koherent.Maze4D;
				PRODUCT_NAME = "$(TARGET_NAME)";
				SDKROOT = auto;
				SUPPORTED_PLATFORMS = "iphoneos iphonesimulator macosx";
				SWIFT_EMIT_LOC_STRINGS = YES;
				SWIFT_VERSION = 5.0;
				TARGETED_DEVICE_FAMILY = "1,2";
			};
			name = Debug;
		};
		D6D4483429F4097F00314681 /* Release */ = {
			isa = XCBuildConfiguration;
			buildSettings = {
				ASSETCATALOG_COMPILER_APPICON_NAME = AppIcon;
				ASSETCATALOG_COMPILER_GLOBAL_ACCENT_COLOR_NAME = AccentColor;
				CODE_SIGN_ENTITLEMENTS = Maze4D/Maze4D.entitlements;
				CODE_SIGN_STYLE = Automatic;
				CURRENT_PROJECT_VERSION = 1;
				DEVELOPMENT_ASSET_PATHS = "\"Maze4D/Preview Content\"";
				ENABLE_PREVIEWS = YES;
				GENERATE_INFOPLIST_FILE = YES;
				"INFOPLIST_KEY_UIApplicationSceneManifest_Generation[sdk=iphoneos*]" = YES;
				"INFOPLIST_KEY_UIApplicationSceneManifest_Generation[sdk=iphonesimulator*]" = YES;
				"INFOPLIST_KEY_UIApplicationSupportsIndirectInputEvents[sdk=iphoneos*]" = YES;
				"INFOPLIST_KEY_UIApplicationSupportsIndirectInputEvents[sdk=iphonesimulator*]" = YES;
				"INFOPLIST_KEY_UILaunchScreen_Generation[sdk=iphoneos*]" = YES;
				"INFOPLIST_KEY_UILaunchScreen_Generation[sdk=iphonesimulator*]" = YES;
				"INFOPLIST_KEY_UIStatusBarStyle[sdk=iphoneos*]" = UIStatusBarStyleDefault;
				"INFOPLIST_KEY_UIStatusBarStyle[sdk=iphonesimulator*]" = UIStatusBarStyleDefault;
				INFOPLIST_KEY_UISupportedInterfaceOrientations_iPad = "UIInterfaceOrientationPortrait UIInterfaceOrientationPortraitUpsideDown UIInterfaceOrientationLandscapeLeft UIInterfaceOrientationLandscapeRight";
				INFOPLIST_KEY_UISupportedInterfaceOrientations_iPhone = "UIInterfaceOrientationPortrait UIInterfaceOrientationLandscapeLeft UIInterfaceOrientationLandscapeRight";
				IPHONEOS_DEPLOYMENT_TARGET = 16.4;
				LD_RUNPATH_SEARCH_PATHS = "@executable_path/Frameworks";
				"LD_RUNPATH_SEARCH_PATHS[sdk=macosx*]" = "@executable_path/../Frameworks";
				MACOSX_DEPLOYMENT_TARGET = 13.3;
				MARKETING_VERSION = 1.0;
				PRODUCT_BUNDLE_IDENTIFIER = org.koherent.Maze4D;
				PRODUCT_NAME = "$(TARGET_NAME)";
				SDKROOT = auto;
				SUPPORTED_PLATFORMS = "iphoneos iphonesimulator macosx";
				SWIFT_EMIT_LOC_STRINGS = YES;
				SWIFT_VERSION = 5.0;
				TARGETED_DEVICE_FAMILY = "1,2";
			};
			name = Release;
		};
		D6D4483629F4097F00314681 /* Debug */ = {
			isa = XCBuildConfiguration;
			buildSettings = {
				ALWAYS_EMBED_SWIFT_STANDARD_LIBRARIES = YES;
				BUNDLE_LOADER = "$(TEST_HOST)";
				CODE_SIGN_STYLE = Automatic;
				CURRENT_PROJECT_VERSION = 1;
				GENERATE_INFOPLIST_FILE = YES;
				IPHONEOS_DEPLOYMENT_TARGET = 16.4;
				MACOSX_DEPLOYMENT_TARGET = 13.3;
				MARKETING_VERSION = 1.0;
				PRODUCT_BUNDLE_IDENTIFIER = org.koherent.Maze4DTests;
				PRODUCT_NAME = "$(TARGET_NAME)";
				SDKROOT = auto;
				SUPPORTED_PLATFORMS = "iphoneos iphonesimulator macosx";
				SWIFT_EMIT_LOC_STRINGS = NO;
				SWIFT_VERSION = 5.0;
				TARGETED_DEVICE_FAMILY = "1,2";
				TEST_HOST = "$(BUILT_PRODUCTS_DIR)/Maze4D.app/$(BUNDLE_EXECUTABLE_FOLDER_PATH)/Maze4D";
			};
			name = Debug;
		};
		D6D4483729F4097F00314681 /* Release */ = {
			isa = XCBuildConfiguration;
			buildSettings = {
				ALWAYS_EMBED_SWIFT_STANDARD_LIBRARIES = YES;
				BUNDLE_LOADER = "$(TEST_HOST)";
				CODE_SIGN_STYLE = Automatic;
				CURRENT_PROJECT_VERSION = 1;
				GENERATE_INFOPLIST_FILE = YES;
				IPHONEOS_DEPLOYMENT_TARGET = 16.4;
				MACOSX_DEPLOYMENT_TARGET = 13.3;
				MARKETING_VERSION = 1.0;
				PRODUCT_BUNDLE_IDENTIFIER = org.koherent.Maze4DTests;
				PRODUCT_NAME = "$(TARGET_NAME)";
				SDKROOT = auto;
				SUPPORTED_PLATFORMS = "iphoneos iphonesimulator macosx";
				SWIFT_EMIT_LOC_STRINGS = NO;
				SWIFT_VERSION = 5.0;
				TARGETED_DEVICE_FAMILY = "1,2";
				TEST_HOST = "$(BUILT_PRODUCTS_DIR)/Maze4D.app/$(BUNDLE_EXECUTABLE_FOLDER_PATH)/Maze4D";
			};
			name = Release;
		};
		D6D4483929F4097F00314681 /* Debug */ = {
			isa = XCBuildConfiguration;
			buildSettings = {
				ALWAYS_EMBED_SWIFT_STANDARD_LIBRARIES = YES;
				CODE_SIGN_STYLE = Automatic;
				CURRENT_PROJECT_VERSION = 1;
				GENERATE_INFOPLIST_FILE = YES;
				IPHONEOS_DEPLOYMENT_TARGET = 16.4;
				MACOSX_DEPLOYMENT_TARGET = 13.3;
				MARKETING_VERSION = 1.0;
				PRODUCT_BUNDLE_IDENTIFIER = org.koherent.Maze4DUITests;
				PRODUCT_NAME = "$(TARGET_NAME)";
				SDKROOT = auto;
				SUPPORTED_PLATFORMS = "iphoneos iphonesimulator macosx";
				SWIFT_EMIT_LOC_STRINGS = NO;
				SWIFT_VERSION = 5.0;
				TARGETED_DEVICE_FAMILY = "1,2";
				TEST_TARGET_NAME = Maze4D;
			};
			name = Debug;
		};
		D6D4483A29F4097F00314681 /* Release */ = {
			isa = XCBuildConfiguration;
			buildSettings = {
				ALWAYS_EMBED_SWIFT_STANDARD_LIBRARIES = YES;
				CODE_SIGN_STYLE = Automatic;
				CURRENT_PROJECT_VERSION = 1;
				GENERATE_INFOPLIST_FILE = YES;
				IPHONEOS_DEPLOYMENT_TARGET = 16.4;
				MACOSX_DEPLOYMENT_TARGET = 13.3;
				MARKETING_VERSION = 1.0;
				PRODUCT_BUNDLE_IDENTIFIER = org.koherent.Maze4DUITests;
				PRODUCT_NAME = "$(TARGET_NAME)";
				SDKROOT = auto;
				SUPPORTED_PLATFORMS = "iphoneos iphonesimulator macosx";
				SWIFT_EMIT_LOC_STRINGS = NO;
				SWIFT_VERSION = 5.0;
				TARGETED_DEVICE_FAMILY = "1,2";
				TEST_TARGET_NAME = Maze4D;
			};
			name = Release;
		};
/* End XCBuildConfiguration section */

/* Begin XCConfigurationList section */
		D6D4480829F4097D00314681 /* Build configuration list for PBXProject "Maze4D" */ = {
			isa = XCConfigurationList;
			buildConfigurations = (
				D6D4483029F4097F00314681 /* Debug */,
				D6D4483129F4097F00314681 /* Release */,
			);
			defaultConfigurationIsVisible = 0;
			defaultConfigurationName = Release;
		};
		D6D4483229F4097F00314681 /* Build configuration list for PBXNativeTarget "Maze4D" */ = {
			isa = XCConfigurationList;
			buildConfigurations = (
				D6D4483329F4097F00314681 /* Debug */,
				D6D4483429F4097F00314681 /* Release */,
			);
			defaultConfigurationIsVisible = 0;
			defaultConfigurationName = Release;
		};
		D6D4483529F4097F00314681 /* Build configuration list for PBXNativeTarget "Maze4DTests" */ = {
			isa = XCConfigurationList;
			buildConfigurations = (
				D6D4483629F4097F00314681 /* Debug */,
				D6D4483729F4097F00314681 /* Release */,
			);
			defaultConfigurationIsVisible = 0;
			defaultConfigurationName = Release;
		};
		D6D4483829F4097F00314681 /* Build configuration list for PBXNativeTarget "Maze4DUITests" */ = {
			isa = XCConfigurationList;
			buildConfigurations = (
				D6D4483929F4097F00314681 /* Debug */,
				D6D4483A29F4097F00314681 /* Release */,
			);
			defaultConfigurationIsVisible = 0;
			defaultConfigurationName = Release;
		};
/* End XCConfigurationList section */
	};
	rootObject = D6D4480529F4097D00314681 /* Project object */;
}
